
Microsoft Visual Studio Solution File, Format Version 12.00
# Visual Studio Version 17
VisualStudioVersion = 17.2.32519.379
MinimumVisualStudioVersion = 10.0.40219.1
Project("{FAE04EC0-301F-11D3-BF4B-00C04F79EFBC}") = "Instalador de Apps", "Instalador de Apps\Instalador de Apps.csproj", "{4235A71C-5624-45A9-B0DE-7A3C3BC5DC9A}"
EndProject
Global
	GlobalSection(SolutionConfigurationPlatforms) = preSolution
		Debug|Any CPU = Debug|Any CPU
		Release|Any CPU = Release|Any CPU
	EndGlobalSection
	GlobalSection(ProjectConfigurationPlatforms) = postSolution
		{4235A71C-5624-45A9-B0DE-7A3C3BC5DC9A}.Debug|Any CPU.ActiveCfg = Debug|Any CPU
		{4235A71C-5624-45A9-B0DE-7A3C3BC5DC9A}.Debug|Any CPU.Build.0 = Debug|Any CPU
		{4235A71C-5624-45A9-B0DE-7A3C3BC5DC9A}.Release|Any CPU.ActiveCfg = Release|Any CPU
		{4235A71C-5624-45A9-B0DE-7A3C3BC5DC9A}.Release|Any CPU.Build.0 = Release|Any CPU
	EndGlobalSection
	GlobalSection(SolutionProperties) = preSolution
		HideSolutionNode = FALSE
	EndGlobalSection
	GlobalSection(ExtensibilityGlobals) = postSolution
		SolutionGuid = {A8E82A15-16F5-4B46-812A-BC8B55EB2764}
	EndGlobalSection
EndGlobal
